// !$*UTF8*$!
{
	archiveVersion = 1;
	classes = {
	};
	objectVersion = 46;
	objects = {

/* Begin PBXBuildFile section */
		15AD00001AB9A03700B8B1D1 /* Location Filled-50.png in Resources */ = {isa = PBXBuildFile; fileRef = 15ADFFFE1AB9A03700B8B1D1 /* Location Filled-50.png */; };
		15AD00051AB9C33400B8B1D1 /* TrendCollectionViewCell.m in Sources */ = {isa = PBXBuildFile; fileRef = 15AD00031AB9C33400B8B1D1 /* TrendCollectionViewCell.m */; };
		15AD00061AB9C33400B8B1D1 /* TrendCollectionViewCell.xib in Resources */ = {isa = PBXBuildFile; fileRef = 15AD00041AB9C33400B8B1D1 /* TrendCollectionViewCell.xib */; };
		15AD00081AB9C46800B8B1D1 /* dress.png in Resources */ = {isa = PBXBuildFile; fileRef = 15AD00071AB9C46800B8B1D1 /* dress.png */; };
		15AD000F1AB9C57600B8B1D1 /* TrendCollectionView.m in Sources */ = {isa = PBXBuildFile; fileRef = 15AD000E1AB9C57600B8B1D1 /* TrendCollectionView.m */; };
		15AD00111AB9CDD400B8B1D1 /* MaiaMall-Logo-Light.jpg in Resources */ = {isa = PBXBuildFile; fileRef = 15AD00101AB9CDD400B8B1D1 /* MaiaMall-Logo-Light.jpg */; };
		15AD00151AB9CEDD00B8B1D1 /* product.png in Resources */ = {isa = PBXBuildFile; fileRef = 15AD00141AB9CEDD00B8B1D1 /* product.png */; };
		15AD00191AB9CEFB00B8B1D1 /* ProductCollectionViewCell.m in Sources */ = {isa = PBXBuildFile; fileRef = 15AD00171AB9CEFB00B8B1D1 /* ProductCollectionViewCell.m */; };
		15AD001A1AB9CEFB00B8B1D1 /* ProductCollectionViewCell.xib in Resources */ = {isa = PBXBuildFile; fileRef = 15AD00181AB9CEFB00B8B1D1 /* ProductCollectionViewCell.xib */; };
		15AD001E1AB9D0C000B8B1D1 /* ProductCollectionView.m in Sources */ = {isa = PBXBuildFile; fileRef = 15AD001D1AB9D0C000B8B1D1 /* ProductCollectionView.m */; };
		15AD00221AB9D9FD00B8B1D1 /* NIDropDown.m in Sources */ = {isa = PBXBuildFile; fileRef = 15AD00211AB9D9FD00B8B1D1 /* NIDropDown.m */; };
		15AD00241AB9DBF000B8B1D1 /* Price Tag Pound Filled-50.png in Resources */ = {isa = PBXBuildFile; fileRef = 15AD00231AB9DBF000B8B1D1 /* Price Tag Pound Filled-50.png */; };
		15AD00281AB9E16D00B8B1D1 /* ProductListCollectionView.m in Sources */ = {isa = PBXBuildFile; fileRef = 15AD00271AB9E16D00B8B1D1 /* ProductListCollectionView.m */; };
		15AD00321AB9E20A00B8B1D1 /* ProductListCollectionViewCell.m in Sources */ = {isa = PBXBuildFile; fileRef = 15AD00301AB9E20A00B8B1D1 /* ProductListCollectionViewCell.m */; };
		15AD00331AB9E20A00B8B1D1 /* ProductListCollectionViewCell.xib in Resources */ = {isa = PBXBuildFile; fileRef = 15AD00311AB9E20A00B8B1D1 /* ProductListCollectionViewCell.xib */; };
		15AD00371AB9E6AB00B8B1D1 /* ProductListViewController.m in Sources */ = {isa = PBXBuildFile; fileRef = 15AD00361AB9E6AB00B8B1D1 /* ProductListViewController.m */; };
		15AD00391AB9EF6E00B8B1D1 /* product2.png in Resources */ = {isa = PBXBuildFile; fileRef = 15AD00381AB9EF6E00B8B1D1 /* product2.png */; };
		15ADFFFA1AB99EBB00B8B1D1 /* Filled Filter-50.png in Resources */ = {isa = PBXBuildFile; fileRef = 15ADFFF91AB99EBB00B8B1D1 /* Filled Filter-50.png */; };
		15ADFFFC1AB99F1700B8B1D1 /* User-50.png in Resources */ = {isa = PBXBuildFile; fileRef = 15ADFFFB1AB99F1700B8B1D1 /* User-50.png */; };
		15ADFFFF1AB9A03700B8B1D1 /* Home-50.png in Resources */ = {isa = PBXBuildFile; fileRef = 15ADFFFD1AB9A03700B8B1D1 /* Home-50.png */; };
		1A3F0F301AB4B00D00F85C01 /* SWRevealViewController.m in Sources */ = {isa = PBXBuildFile; fileRef = 1A3F0F2F1AB4B00D00F85C01 /* SWRevealViewController.m */; };
		F4EECF12177C99F400778578 /* UIKit.framework in Frameworks */ = {isa = PBXBuildFile; fileRef = F4EECF11177C99F400778578 /* UIKit.framework */; };
		F4EECF14177C99F400778578 /* Foundation.framework in Frameworks */ = {isa = PBXBuildFile; fileRef = F4EECF13177C99F400778578 /* Foundation.framework */; };
		F4EECF16177C99F400778578 /* CoreGraphics.framework in Frameworks */ = {isa = PBXBuildFile; fileRef = F4EECF15177C99F400778578 /* CoreGraphics.framework */; };
		F4EECF1C177C99F400778578 /* InfoPlist.strings in Resources */ = {isa = PBXBuildFile; fileRef = F4EECF1A177C99F400778578 /* InfoPlist.strings */; };
		F4EECF1E177C99F400778578 /* main.m in Sources */ = {isa = PBXBuildFile; fileRef = F4EECF1D177C99F400778578 /* main.m */; };
		F4EECF22177C99F400778578 /* AppDelegate.m in Sources */ = {isa = PBXBuildFile; fileRef = F4EECF21177C99F400778578 /* AppDelegate.m */; };
		F4EECF24177C99F400778578 /* Default.png in Resources */ = {isa = PBXBuildFile; fileRef = F4EECF23177C99F400778578 /* Default.png */; };
		F4EECF26177C99F400778578 /* Default@2x.png in Resources */ = {isa = PBXBuildFile; fileRef = F4EECF25177C99F400778578 /* Default@2x.png */; };
		F4EECF28177C99F400778578 /* Default-568h@2x.png in Resources */ = {isa = PBXBuildFile; fileRef = F4EECF27177C99F400778578 /* Default-568h@2x.png */; };
		F4EECF2B177C99F400778578 /* MainStoryboard.storyboard in Resources */ = {isa = PBXBuildFile; fileRef = F4EECF29177C99F400778578 /* MainStoryboard.storyboard */; };
		F4EECF2E177C99F400778578 /* MainViewController.m in Sources */ = {isa = PBXBuildFile; fileRef = F4EECF2D177C99F400778578 /* MainViewController.m */; };
		F4EECF4A177DF87700778578 /* SidebarViewController.m in Sources */ = {isa = PBXBuildFile; fileRef = F4EECF49177DF87700778578 /* SidebarViewController.m */; };
		F4EECF5B177F384900778578 /* bookmark.png in Resources */ = {isa = PBXBuildFile; fileRef = F4EECF54177F384900778578 /* bookmark.png */; };
		F4EECF5C177F384900778578 /* calendar.png in Resources */ = {isa = PBXBuildFile; fileRef = F4EECF55177F384900778578 /* calendar.png */; };
		F4EECF5D177F384900778578 /* comments.png in Resources */ = {isa = PBXBuildFile; fileRef = F4EECF56177F384900778578 /* comments.png */; };
		F4EECF5E177F384900778578 /* map.png in Resources */ = {isa = PBXBuildFile; fileRef = F4EECF57177F384900778578 /* map.png */; };
		F4EECF5F177F384900778578 /* news.png in Resources */ = {isa = PBXBuildFile; fileRef = F4EECF58177F384900778578 /* news.png */; };
		F4EECF60177F384900778578 /* photo.png in Resources */ = {isa = PBXBuildFile; fileRef = F4EECF59177F384900778578 /* photo.png */; };
		F4EECF61177F384900778578 /* wishlist.png in Resources */ = {isa = PBXBuildFile; fileRef = F4EECF5A177F384900778578 /* wishlist.png */; };
		F4EECF63177F3CAB00778578 /* tag.png in Resources */ = {isa = PBXBuildFile; fileRef = F4EECF62177F3CAB00778578 /* tag.png */; };
		F4EECF67177F4AB000778578 /* nav_bg.png in Resources */ = {isa = PBXBuildFile; fileRef = F4EECF65177F4AB000778578 /* nav_bg.png */; };
		F4EECF6A177F4C0200778578 /* menu.png in Resources */ = {isa = PBXBuildFile; fileRef = F4EECF68177F4C0200778578 /* menu.png */; };
		F4EECF6B177F4C0200778578 /* menu@2x.png in Resources */ = {isa = PBXBuildFile; fileRef = F4EECF69177F4C0200778578 /* menu@2x.png */; };
		F4EECF6E177FD51400778578 /* MapViewController.m in Sources */ = {isa = PBXBuildFile; fileRef = F4EECF6D177FD51300778578 /* MapViewController.m */; };
		F4EECF70177FE9B400778578 /* CoreLocation.framework in Frameworks */ = {isa = PBXBuildFile; fileRef = F4EECF6F177FE9B400778578 /* CoreLocation.framework */; };
		F4EECF72177FE9BA00778578 /* MapKit.framework in Frameworks */ = {isa = PBXBuildFile; fileRef = F4EECF71177FE9BA00778578 /* MapKit.framework */; };
		F4EECF75177FF90600778578 /* PhotoViewController.m in Sources */ = {isa = PBXBuildFile; fileRef = F4EECF74177FF90600778578 /* PhotoViewController.m */; };
		F4FE87FB1780081300CB3DA8 /* comments_photo.jpg in Resources */ = {isa = PBXBuildFile; fileRef = F4FE87F91780081300CB3DA8 /* comments_photo.jpg */; };
		F4FE87FC1780081300CB3DA8 /* wishlist_photo.jpg in Resources */ = {isa = PBXBuildFile; fileRef = F4FE87FA1780081300CB3DA8 /* wishlist_photo.jpg */; };
		F4FE87FF178010F000CB3DA8 /* bookmark_photo.jpg in Resources */ = {isa = PBXBuildFile; fileRef = F4FE87FD178010F000CB3DA8 /* bookmark_photo.jpg */; };
		F4FE8800178010F000CB3DA8 /* calendar_photo.jpg in Resources */ = {isa = PBXBuildFile; fileRef = F4FE87FE178010F000CB3DA8 /* calendar_photo.jpg */; };
		F4FE8802178010FA00CB3DA8 /* tag_photo.jpg in Resources */ = {isa = PBXBuildFile; fileRef = F4FE8801178010FA00CB3DA8 /* tag_photo.jpg */; };
/* End PBXBuildFile section */

/* Begin PBXFileReference section */
		15AD00021AB9C33400B8B1D1 /* TrendCollectionViewCell.h */ = {isa = PBXFileReference; fileEncoding = 4; lastKnownFileType = sourcecode.c.h; path = TrendCollectionViewCell.h; sourceTree = "<group>"; };
		15AD00031AB9C33400B8B1D1 /* TrendCollectionViewCell.m */ = {isa = PBXFileReference; fileEncoding = 4; lastKnownFileType = sourcecode.c.objc; path = TrendCollectionViewCell.m; sourceTree = "<group>"; };
		15AD00041AB9C33400B8B1D1 /* TrendCollectionViewCell.xib */ = {isa = PBXFileReference; fileEncoding = 4; lastKnownFileType = file.xib; path = TrendCollectionViewCell.xib; sourceTree = "<group>"; };
		15AD00071AB9C46800B8B1D1 /* dress.png */ = {isa = PBXFileReference; lastKnownFileType = image.png; path = dress.png; sourceTree = "<group>"; };
		15AD000D1AB9C57600B8B1D1 /* TrendCollectionView.h */ = {isa = PBXFileReference; fileEncoding = 4; lastKnownFileType = sourcecode.c.h; path = TrendCollectionView.h; sourceTree = "<group>"; };
		15AD000E1AB9C57600B8B1D1 /* TrendCollectionView.m */ = {isa = PBXFileReference; fileEncoding = 4; lastKnownFileType = sourcecode.c.objc; path = TrendCollectionView.m; sourceTree = "<group>"; };
		15AD00101AB9CDD400B8B1D1 /* MaiaMall-Logo-Light.jpg */ = {isa = PBXFileReference; lastKnownFileType = image.jpeg; path = "MaiaMall-Logo-Light.jpg"; sourceTree = "<group>"; };
		15AD00141AB9CEDD00B8B1D1 /* product.png */ = {isa = PBXFileReference; lastKnownFileType = image.png; path = product.png; sourceTree = "<group>"; };
		15AD00161AB9CEFB00B8B1D1 /* ProductCollectionViewCell.h */ = {isa = PBXFileReference; fileEncoding = 4; lastKnownFileType = sourcecode.c.h; path = ProductCollectionViewCell.h; sourceTree = "<group>"; };
		15AD00171AB9CEFB00B8B1D1 /* ProductCollectionViewCell.m */ = {isa = PBXFileReference; fileEncoding = 4; lastKnownFileType = sourcecode.c.objc; path = ProductCollectionViewCell.m; sourceTree = "<group>"; };
		15AD00181AB9CEFB00B8B1D1 /* ProductCollectionViewCell.xib */ = {isa = PBXFileReference; fileEncoding = 4; lastKnownFileType = file.xib; path = ProductCollectionViewCell.xib; sourceTree = "<group>"; };
		15AD001C1AB9D0C000B8B1D1 /* ProductCollectionView.h */ = {isa = PBXFileReference; fileEncoding = 4; lastKnownFileType = sourcecode.c.h; path = ProductCollectionView.h; sourceTree = "<group>"; };
		15AD001D1AB9D0C000B8B1D1 /* ProductCollectionView.m */ = {isa = PBXFileReference; fileEncoding = 4; lastKnownFileType = sourcecode.c.objc; path = ProductCollectionView.m; sourceTree = "<group>"; };
		15AD00201AB9D9FD00B8B1D1 /* NIDropDown.h */ = {isa = PBXFileReference; fileEncoding = 4; lastKnownFileType = sourcecode.c.h; path = NIDropDown.h; sourceTree = "<group>"; };
		15AD00211AB9D9FD00B8B1D1 /* NIDropDown.m */ = {isa = PBXFileReference; fileEncoding = 4; lastKnownFileType = sourcecode.c.objc; path = NIDropDown.m; sourceTree = "<group>"; };
		15AD00231AB9DBF000B8B1D1 /* Price Tag Pound Filled-50.png */ = {isa = PBXFileReference; lastKnownFileType = image.png; path = "Price Tag Pound Filled-50.png"; sourceTree = "<group>"; };
		15AD00261AB9E16D00B8B1D1 /* ProductListCollectionView.h */ = {isa = PBXFileReference; fileEncoding = 4; lastKnownFileType = sourcecode.c.h; path = ProductListCollectionView.h; sourceTree = "<group>"; };
		15AD00271AB9E16D00B8B1D1 /* ProductListCollectionView.m */ = {isa = PBXFileReference; fileEncoding = 4; lastKnownFileType = sourcecode.c.objc; path = ProductListCollectionView.m; sourceTree = "<group>"; };
		15AD002F1AB9E20A00B8B1D1 /* ProductListCollectionViewCell.h */ = {isa = PBXFileReference; fileEncoding = 4; lastKnownFileType = sourcecode.c.h; path = ProductListCollectionViewCell.h; sourceTree = "<group>"; };
		15AD00301AB9E20A00B8B1D1 /* ProductListCollectionViewCell.m */ = {isa = PBXFileReference; fileEncoding = 4; lastKnownFileType = sourcecode.c.objc; path = ProductListCollectionViewCell.m; sourceTree = "<group>"; };
		15AD00311AB9E20A00B8B1D1 /* ProductListCollectionViewCell.xib */ = {isa = PBXFileReference; fileEncoding = 4; lastKnownFileType = file.xib; path = ProductListCollectionViewCell.xib; sourceTree = "<group>"; };
		15AD00351AB9E6AB00B8B1D1 /* ProductListViewController.h */ = {isa = PBXFileReference; fileEncoding = 4; lastKnownFileType = sourcecode.c.h; path = ProductListViewController.h; sourceTree = "<group>"; };
		15AD00361AB9E6AB00B8B1D1 /* ProductListViewController.m */ = {isa = PBXFileReference; fileEncoding = 4; lastKnownFileType = sourcecode.c.objc; path = ProductListViewController.m; sourceTree = "<group>"; };
		15AD00381AB9EF6E00B8B1D1 /* product2.png */ = {isa = PBXFileReference; lastKnownFileType = image.png; path = product2.png; sourceTree = "<group>"; };
		15ADFFF91AB99EBB00B8B1D1 /* Filled Filter-50.png */ = {isa = PBXFileReference; lastKnownFileType = image.png; path = "Filled Filter-50.png"; sourceTree = "<group>"; };
		15ADFFFB1AB99F1700B8B1D1 /* User-50.png */ = {isa = PBXFileReference; lastKnownFileType = image.png; path = "User-50.png"; sourceTree = "<group>"; };
		15ADFFFD1AB9A03700B8B1D1 /* Home-50.png */ = {isa = PBXFileReference; lastKnownFileType = image.png; path = "Home-50.png"; sourceTree = "<group>"; };
		15ADFFFE1AB9A03700B8B1D1 /* Location Filled-50.png */ = {isa = PBXFileReference; lastKnownFileType = image.png; path = "Location Filled-50.png"; sourceTree = "<group>"; };
		1A3F0F2E1AB4B00D00F85C01 /* SWRevealViewController.h */ = {isa = PBXFileReference; fileEncoding = 4; lastKnownFileType = sourcecode.c.h; path = SWRevealViewController.h; sourceTree = "<group>"; };
		1A3F0F2F1AB4B00D00F85C01 /* SWRevealViewController.m */ = {isa = PBXFileReference; fileEncoding = 4; lastKnownFileType = sourcecode.c.objc; path = SWRevealViewController.m; sourceTree = "<group>"; };
		1A3F0F311AB4B6D800F85C01 /* news.png */ = {isa = PBXFileReference; lastKnownFileType = image.png; path = news.png; sourceTree = "<group>"; };
		F4EECF0E177C99F400778578 /* MaiaMall.app */ = {isa = PBXFileReference; explicitFileType = wrapper.application; includeInIndex = 0; path = MaiaMall.app; sourceTree = BUILT_PRODUCTS_DIR; };
		F4EECF11177C99F400778578 /* UIKit.framework */ = {isa = PBXFileReference; lastKnownFileType = wrapper.framework; name = UIKit.framework; path = System/Library/Frameworks/UIKit.framework; sourceTree = SDKROOT; };
		F4EECF13177C99F400778578 /* Foundation.framework */ = {isa = PBXFileReference; lastKnownFileType = wrapper.framework; name = Foundation.framework; path = System/Library/Frameworks/Foundation.framework; sourceTree = SDKROOT; };
		F4EECF15177C99F400778578 /* CoreGraphics.framework */ = {isa = PBXFileReference; lastKnownFileType = wrapper.framework; name = CoreGraphics.framework; path = System/Library/Frameworks/CoreGraphics.framework; sourceTree = SDKROOT; };
		F4EECF19177C99F400778578 /* MaiaMall-Info.plist */ = {isa = PBXFileReference; lastKnownFileType = text.plist.xml; path = "MaiaMall-Info.plist"; sourceTree = "<group>"; };
		F4EECF1B177C99F400778578 /* en */ = {isa = PBXFileReference; lastKnownFileType = text.plist.strings; name = en; path = en.lproj/InfoPlist.strings; sourceTree = "<group>"; };
		F4EECF1D177C99F400778578 /* main.m */ = {isa = PBXFileReference; lastKnownFileType = sourcecode.c.objc; path = main.m; sourceTree = "<group>"; };
		F4EECF1F177C99F400778578 /* MaiaMall-Prefix.pch */ = {isa = PBXFileReference; lastKnownFileType = sourcecode.c.h; path = "MaiaMall-Prefix.pch"; sourceTree = "<group>"; };
		F4EECF20177C99F400778578 /* AppDelegate.h */ = {isa = PBXFileReference; lastKnownFileType = sourcecode.c.h; path = AppDelegate.h; sourceTree = "<group>"; };
		F4EECF21177C99F400778578 /* AppDelegate.m */ = {isa = PBXFileReference; lastKnownFileType = sourcecode.c.objc; path = AppDelegate.m; sourceTree = "<group>"; };
		F4EECF23177C99F400778578 /* Default.png */ = {isa = PBXFileReference; lastKnownFileType = image.png; path = Default.png; sourceTree = "<group>"; };
		F4EECF25177C99F400778578 /* Default@2x.png */ = {isa = PBXFileReference; lastKnownFileType = image.png; path = "Default@2x.png"; sourceTree = "<group>"; };
		F4EECF27177C99F400778578 /* Default-568h@2x.png */ = {isa = PBXFileReference; lastKnownFileType = image.png; path = "Default-568h@2x.png"; sourceTree = "<group>"; };
		F4EECF2A177C99F400778578 /* en */ = {isa = PBXFileReference; lastKnownFileType = file.storyboard; name = en; path = en.lproj/MainStoryboard.storyboard; sourceTree = "<group>"; };
		F4EECF2C177C99F400778578 /* MainViewController.h */ = {isa = PBXFileReference; lastKnownFileType = sourcecode.c.h; path = MainViewController.h; sourceTree = "<group>"; };
		F4EECF2D177C99F400778578 /* MainViewController.m */ = {isa = PBXFileReference; lastKnownFileType = sourcecode.c.objc; path = MainViewController.m; sourceTree = "<group>"; };
		F4EECF48177DF87700778578 /* SidebarViewController.h */ = {isa = PBXFileReference; fileEncoding = 4; lastKnownFileType = sourcecode.c.h; path = SidebarViewController.h; sourceTree = "<group>"; };
		F4EECF49177DF87700778578 /* SidebarViewController.m */ = {isa = PBXFileReference; fileEncoding = 4; lastKnownFileType = sourcecode.c.objc; path = SidebarViewController.m; sourceTree = "<group>"; };
		F4EECF54177F384900778578 /* bookmark.png */ = {isa = PBXFileReference; lastKnownFileType = image.png; path = bookmark.png; sourceTree = "<group>"; };
		F4EECF55177F384900778578 /* calendar.png */ = {isa = PBXFileReference; lastKnownFileType = image.png; path = calendar.png; sourceTree = "<group>"; };
		F4EECF56177F384900778578 /* comments.png */ = {isa = PBXFileReference; lastKnownFileType = image.png; path = comments.png; sourceTree = "<group>"; };
		F4EECF57177F384900778578 /* map.png */ = {isa = PBXFileReference; lastKnownFileType = image.png; path = map.png; sourceTree = "<group>"; };
		F4EECF58177F384900778578 /* news.png */ = {isa = PBXFileReference; lastKnownFileType = image.png; path = news.png; sourceTree = "<group>"; };
		F4EECF59177F384900778578 /* photo.png */ = {isa = PBXFileReference; lastKnownFileType = image.png; path = photo.png; sourceTree = "<group>"; };
		F4EECF5A177F384900778578 /* wishlist.png */ = {isa = PBXFileReference; lastKnownFileType = image.png; path = wishlist.png; sourceTree = "<group>"; };
		F4EECF62177F3CAB00778578 /* tag.png */ = {isa = PBXFileReference; lastKnownFileType = image.png; path = tag.png; sourceTree = "<group>"; };
		F4EECF65177F4AB000778578 /* nav_bg.png */ = {isa = PBXFileReference; lastKnownFileType = image.png; path = nav_bg.png; sourceTree = "<group>"; };
		F4EECF68177F4C0200778578 /* menu.png */ = {isa = PBXFileReference; lastKnownFileType = image.png; path = menu.png; sourceTree = "<group>"; };
		F4EECF69177F4C0200778578 /* menu@2x.png */ = {isa = PBXFileReference; lastKnownFileType = image.png; path = "menu@2x.png"; sourceTree = "<group>"; };
		F4EECF6C177FD51300778578 /* MapViewController.h */ = {isa = PBXFileReference; fileEncoding = 4; lastKnownFileType = sourcecode.c.h; path = MapViewController.h; sourceTree = "<group>"; };
		F4EECF6D177FD51300778578 /* MapViewController.m */ = {isa = PBXFileReference; fileEncoding = 4; lastKnownFileType = sourcecode.c.objc; path = MapViewController.m; sourceTree = "<group>"; };
		F4EECF6F177FE9B400778578 /* CoreLocation.framework */ = {isa = PBXFileReference; lastKnownFileType = wrapper.framework; name = CoreLocation.framework; path = System/Library/Frameworks/CoreLocation.framework; sourceTree = SDKROOT; };
		F4EECF71177FE9BA00778578 /* MapKit.framework */ = {isa = PBXFileReference; lastKnownFileType = wrapper.framework; name = MapKit.framework; path = System/Library/Frameworks/MapKit.framework; sourceTree = SDKROOT; };
		F4EECF73177FF90500778578 /* PhotoViewController.h */ = {isa = PBXFileReference; fileEncoding = 4; lastKnownFileType = sourcecode.c.h; path = PhotoViewController.h; sourceTree = "<group>"; };
		F4EECF74177FF90600778578 /* PhotoViewController.m */ = {isa = PBXFileReference; fileEncoding = 4; lastKnownFileType = sourcecode.c.objc; path = PhotoViewController.m; sourceTree = "<group>"; };
		F4FE87F91780081300CB3DA8 /* comments_photo.jpg */ = {isa = PBXFileReference; lastKnownFileType = image.jpeg; path = comments_photo.jpg; sourceTree = "<group>"; };
		F4FE87FA1780081300CB3DA8 /* wishlist_photo.jpg */ = {isa = PBXFileReference; lastKnownFileType = image.jpeg; path = wishlist_photo.jpg; sourceTree = "<group>"; };
		F4FE87FD178010F000CB3DA8 /* bookmark_photo.jpg */ = {isa = PBXFileReference; lastKnownFileType = image.jpeg; path = bookmark_photo.jpg; sourceTree = "<group>"; };
		F4FE87FE178010F000CB3DA8 /* calendar_photo.jpg */ = {isa = PBXFileReference; lastKnownFileType = image.jpeg; path = calendar_photo.jpg; sourceTree = "<group>"; };
		F4FE8801178010FA00CB3DA8 /* tag_photo.jpg */ = {isa = PBXFileReference; lastKnownFileType = image.jpeg; path = tag_photo.jpg; sourceTree = "<group>"; };
/* End PBXFileReference section */

/* Begin PBXFrameworksBuildPhase section */
		F4EECF0B177C99F400778578 /* Frameworks */ = {
			isa = PBXFrameworksBuildPhase;
			buildActionMask = 2147483647;
			files = (
				F4EECF72177FE9BA00778578 /* MapKit.framework in Frameworks */,
				F4EECF70177FE9B400778578 /* CoreLocation.framework in Frameworks */,
				F4EECF12177C99F400778578 /* UIKit.framework in Frameworks */,
				F4EECF14177C99F400778578 /* Foundation.framework in Frameworks */,
				F4EECF16177C99F400778578 /* CoreGraphics.framework in Frameworks */,
			);
			runOnlyForDeploymentPostprocessing = 0;
		};
/* End PBXFrameworksBuildPhase section */

/* Begin PBXGroup section */
		15AD00011AB9C2DC00B8B1D1 /* TrendCollectionViewCell */ = {
			isa = PBXGroup;
			children = (
				15AD00021AB9C33400B8B1D1 /* TrendCollectionViewCell.h */,
				15AD00031AB9C33400B8B1D1 /* TrendCollectionViewCell.m */,
				15AD00041AB9C33400B8B1D1 /* TrendCollectionViewCell.xib */,
			);
			name = TrendCollectionViewCell;
			sourceTree = "<group>";
		};
		15AD00091AB9C4E600B8B1D1 /* TrendCollectionView */ = {
			isa = PBXGroup;
			children = (
				15AD000D1AB9C57600B8B1D1 /* TrendCollectionView.h */,
				15AD000E1AB9C57600B8B1D1 /* TrendCollectionView.m */,
			);
			name = TrendCollectionView;
			sourceTree = "<group>";
		};
		15AD00131AB9CECC00B8B1D1 /* ProductCollectionViewCell */ = {
			isa = PBXGroup;
			children = (
				15AD00161AB9CEFB00B8B1D1 /* ProductCollectionViewCell.h */,
				15AD00171AB9CEFB00B8B1D1 /* ProductCollectionViewCell.m */,
				15AD00181AB9CEFB00B8B1D1 /* ProductCollectionViewCell.xib */,
			);
			name = ProductCollectionViewCell;
			sourceTree = "<group>";
		};
		15AD001B1AB9D0AB00B8B1D1 /* ProductCollectionView */ = {
			isa = PBXGroup;
			children = (
				15AD001C1AB9D0C000B8B1D1 /* ProductCollectionView.h */,
				15AD001D1AB9D0C000B8B1D1 /* ProductCollectionView.m */,
			);
			name = ProductCollectionView;
			sourceTree = "<group>";
		};
		15AD001F1AB9D9EC00B8B1D1 /* NIDropDownMenu */ = {
			isa = PBXGroup;
			children = (
				15AD00201AB9D9FD00B8B1D1 /* NIDropDown.h */,
				15AD00211AB9D9FD00B8B1D1 /* NIDropDown.m */,
			);
			name = NIDropDownMenu;
			sourceTree = "<group>";
		};
		15AD00251AB9E15300B8B1D1 /* ProductListCollectionView */ = {
			isa = PBXGroup;
			children = (
				15AD00261AB9E16D00B8B1D1 /* ProductListCollectionView.h */,
				15AD00271AB9E16D00B8B1D1 /* ProductListCollectionView.m */,
			);
			name = ProductListCollectionView;
			sourceTree = "<group>";
		};
		15AD00291AB9E19500B8B1D1 /* ProductListCollectionViewCell */ = {
			isa = PBXGroup;
			children = (
				15AD002F1AB9E20A00B8B1D1 /* ProductListCollectionViewCell.h */,
				15AD00301AB9E20A00B8B1D1 /* ProductListCollectionViewCell.m */,
				15AD00311AB9E20A00B8B1D1 /* ProductListCollectionViewCell.xib */,
			);
			name = ProductListCollectionViewCell;
			sourceTree = "<group>";
		};
		15AD00341AB9E64F00B8B1D1 /* ProductListViewController */ = {
			isa = PBXGroup;
			children = (
				15AD00351AB9E6AB00B8B1D1 /* ProductListViewController.h */,
				15AD00361AB9E6AB00B8B1D1 /* ProductListViewController.m */,
			);
			name = ProductListViewController;
			sourceTree = "<group>";
		};
		1A3F0F2D1AB4AFF800F85C01 /* SWRevealViewController */ = {
			isa = PBXGroup;
			children = (
				1A3F0F2E1AB4B00D00F85C01 /* SWRevealViewController.h */,
				1A3F0F2F1AB4B00D00F85C01 /* SWRevealViewController.m */,
			);
			name = SWRevealViewController;
			sourceTree = "<group>";
		};
		F4EECF05177C99F400778578 = {
			isa = PBXGroup;
			children = (
				F4EECF17177C99F400778578 /* SidebarDemo */,
				F4EECF10177C99F400778578 /* Frameworks */,
				F4EECF0F177C99F400778578 /* Products */,
			);
			sourceTree = "<group>";
		};
		F4EECF0F177C99F400778578 /* Products */ = {
			isa = PBXGroup;
			children = (
				F4EECF0E177C99F400778578 /* MaiaMall.app */,
			);
			name = Products;
			sourceTree = "<group>";
		};
		F4EECF10177C99F400778578 /* Frameworks */ = {
			isa = PBXGroup;
			children = (
				F4EECF6F177FE9B400778578 /* CoreLocation.framework */,
				F4EECF71177FE9BA00778578 /* MapKit.framework */,
				F4EECF11177C99F400778578 /* UIKit.framework */,
				F4EECF13177C99F400778578 /* Foundation.framework */,
				F4EECF15177C99F400778578 /* CoreGraphics.framework */,
			);
			name = Frameworks;
			sourceTree = "<group>";
		};
		F4EECF17177C99F400778578 /* SidebarDemo */ = {
			isa = PBXGroup;
			children = (
				15AD00341AB9E64F00B8B1D1 /* ProductListViewController */,
				15AD00291AB9E19500B8B1D1 /* ProductListCollectionViewCell */,
				15AD00251AB9E15300B8B1D1 /* ProductListCollectionView */,
				15AD001F1AB9D9EC00B8B1D1 /* NIDropDownMenu */,
				15AD001B1AB9D0AB00B8B1D1 /* ProductCollectionView */,
				15AD00131AB9CECC00B8B1D1 /* ProductCollectionViewCell */,
				15AD00091AB9C4E600B8B1D1 /* TrendCollectionView */,
				15AD00011AB9C2DC00B8B1D1 /* TrendCollectionViewCell */,
				1A3F0F2D1AB4AFF800F85C01 /* SWRevealViewController */,
				F4EECF20177C99F400778578 /* AppDelegate.h */,
				F4EECF21177C99F400778578 /* AppDelegate.m */,
				F4EECF29177C99F400778578 /* MainStoryboard.storyboard */,
				F4EECF2C177C99F400778578 /* MainViewController.h */,
				F4EECF2D177C99F400778578 /* MainViewController.m */,
				F4EECF48177DF87700778578 /* SidebarViewController.h */,
				F4EECF49177DF87700778578 /* SidebarViewController.m */,
				F4EECF6C177FD51300778578 /* MapViewController.h */,
				F4EECF6D177FD51300778578 /* MapViewController.m */,
				F4EECF73177FF90500778578 /* PhotoViewController.h */,
				F4EECF74177FF90600778578 /* PhotoViewController.m */,
				F4EECF34177C9A1E00778578 /* Library */,
				F4EECF18177C99F400778578 /* Supporting Files */,
			);
			path = SidebarDemo;
			sourceTree = "<group>";
		};
		F4EECF18177C99F400778578 /* Supporting Files */ = {
			isa = PBXGroup;
			children = (
				F4EECF53177F37CB00778578 /* Images */,
				F4EECF19177C99F400778578 /* MaiaMall-Info.plist */,
				F4EECF1A177C99F400778578 /* InfoPlist.strings */,
				F4EECF1D177C99F400778578 /* main.m */,
				F4EECF1F177C99F400778578 /* MaiaMall-Prefix.pch */,
				F4EECF23177C99F400778578 /* Default.png */,
				F4EECF25177C99F400778578 /* Default@2x.png */,
				F4EECF27177C99F400778578 /* Default-568h@2x.png */,
			);
			name = "Supporting Files";
			sourceTree = "<group>";
		};
		F4EECF34177C9A1E00778578 /* Library */ = {
			isa = PBXGroup;
			children = (
				15AD00381AB9EF6E00B8B1D1 /* product2.png */,
				15AD00231AB9DBF000B8B1D1 /* Price Tag Pound Filled-50.png */,
				15AD00141AB9CEDD00B8B1D1 /* product.png */,
				15AD00101AB9CDD400B8B1D1 /* MaiaMall-Logo-Light.jpg */,
				15AD00071AB9C46800B8B1D1 /* dress.png */,
				15ADFFFD1AB9A03700B8B1D1 /* Home-50.png */,
				15ADFFFE1AB9A03700B8B1D1 /* Location Filled-50.png */,
				15ADFFFB1AB99F1700B8B1D1 /* User-50.png */,
				15ADFFF91AB99EBB00B8B1D1 /* Filled Filter-50.png */,
				1A3F0F311AB4B6D800F85C01 /* news.png */,
			);
			name = Library;
			sourceTree = "<group>";
		};
		F4EECF53177F37CB00778578 /* Images */ = {
			isa = PBXGroup;
			children = (
				F4FE87F91780081300CB3DA8 /* comments_photo.jpg */,
				F4FE87FD178010F000CB3DA8 /* bookmark_photo.jpg */,
				F4FE8801178010FA00CB3DA8 /* tag_photo.jpg */,
				F4FE87FE178010F000CB3DA8 /* calendar_photo.jpg */,
				F4FE87FA1780081300CB3DA8 /* wishlist_photo.jpg */,
				F4EECF68177F4C0200778578 /* menu.png */,
				F4EECF69177F4C0200778578 /* menu@2x.png */,
				F4EECF65177F4AB000778578 /* nav_bg.png */,
				F4EECF54177F384900778578 /* bookmark.png */,
				F4EECF55177F384900778578 /* calendar.png */,
				F4EECF56177F384900778578 /* comments.png */,
				F4EECF57177F384900778578 /* map.png */,
				F4EECF58177F384900778578 /* news.png */,
				F4EECF59177F384900778578 /* photo.png */,
				F4EECF62177F3CAB00778578 /* tag.png */,
				F4EECF5A177F384900778578 /* wishlist.png */,
			);
			name = Images;
			sourceTree = "<group>";
		};
/* End PBXGroup section */

/* Begin PBXNativeTarget section */
		F4EECF0D177C99F400778578 /* MaiaMall */ = {
			isa = PBXNativeTarget;
			buildConfigurationList = F4EECF31177C99F400778578 /* Build configuration list for PBXNativeTarget "MaiaMall" */;
			buildPhases = (
				F4EECF0A177C99F400778578 /* Sources */,
				F4EECF0B177C99F400778578 /* Frameworks */,
				F4EECF0C177C99F400778578 /* Resources */,
			);
			buildRules = (
			);
			dependencies = (
			);
			name = MaiaMall;
			productName = SidebarDemo;
			productReference = F4EECF0E177C99F400778578 /* MaiaMall.app */;
			productType = "com.apple.product-type.application";
		};
/* End PBXNativeTarget section */

/* Begin PBXProject section */
		F4EECF06177C99F400778578 /* Project object */ = {
			isa = PBXProject;
			attributes = {
				LastUpgradeCheck = 0620;
				ORGANIZATIONNAME = Appcoda;
			};
			buildConfigurationList = F4EECF09177C99F400778578 /* Build configuration list for PBXProject "MaiaMall" */;
			compatibilityVersion = "Xcode 3.2";
			developmentRegion = English;
			hasScannedForEncodings = 0;
			knownRegions = (
				en,
			);
			mainGroup = F4EECF05177C99F400778578;
			productRefGroup = F4EECF0F177C99F400778578 /* Products */;
			projectDirPath = "";
			projectRoot = "";
			targets = (
				F4EECF0D177C99F400778578 /* MaiaMall */,
			);
		};
/* End PBXProject section */

/* Begin PBXResourcesBuildPhase section */
		F4EECF0C177C99F400778578 /* Resources */ = {
			isa = PBXResourcesBuildPhase;
			buildActionMask = 2147483647;
			files = (
				F4EECF1C177C99F400778578 /* InfoPlist.strings in Resources */,
				F4EECF24177C99F400778578 /* Default.png in Resources */,
				15AD00331AB9E20A00B8B1D1 /* ProductListCollectionViewCell.xib in Resources */,
				F4EECF26177C99F400778578 /* Default@2x.png in Resources */,
				F4EECF28177C99F400778578 /* Default-568h@2x.png in Resources */,
				15AD00111AB9CDD400B8B1D1 /* MaiaMall-Logo-Light.jpg in Resources */,
				F4EECF2B177C99F400778578 /* MainStoryboard.storyboard in Resources */,
				F4EECF5B177F384900778578 /* bookmark.png in Resources */,
				F4EECF5C177F384900778578 /* calendar.png in Resources */,
				F4EECF5D177F384900778578 /* comments.png in Resources */,
				15AD00061AB9C33400B8B1D1 /* TrendCollectionViewCell.xib in Resources */,
				F4EECF5E177F384900778578 /* map.png in Resources */,
				15ADFFFF1AB9A03700B8B1D1 /* Home-50.png in Resources */,
				F4EECF5F177F384900778578 /* news.png in Resources */,
				15AD00151AB9CEDD00B8B1D1 /* product.png in Resources */,
				F4EECF60177F384900778578 /* photo.png in Resources */,
				15AD001A1AB9CEFB00B8B1D1 /* ProductCollectionViewCell.xib in Resources */,
				F4EECF61177F384900778578 /* wishlist.png in Resources */,
				F4EECF63177F3CAB00778578 /* tag.png in Resources */,
				15ADFFFA1AB99EBB00B8B1D1 /* Filled Filter-50.png in Resources */,
				15AD00081AB9C46800B8B1D1 /* dress.png in Resources */,
				15ADFFFC1AB99F1700B8B1D1 /* User-50.png in Resources */,
				F4EECF67177F4AB000778578 /* nav_bg.png in Resources */,
				15AD00391AB9EF6E00B8B1D1 /* product2.png in Resources */,
				F4EECF6A177F4C0200778578 /* menu.png in Resources */,
				F4EECF6B177F4C0200778578 /* menu@2x.png in Resources */,
				15AD00001AB9A03700B8B1D1 /* Location Filled-50.png in Resources */,
				F4FE87FB1780081300CB3DA8 /* comments_photo.jpg in Resources */,
				F4FE87FC1780081300CB3DA8 /* wishlist_photo.jpg in Resources */,
				F4FE87FF178010F000CB3DA8 /* bookmark_photo.jpg in Resources */,
				15AD00241AB9DBF000B8B1D1 /* Price Tag Pound Filled-50.png in Resources */,
				F4FE8800178010F000CB3DA8 /* calendar_photo.jpg in Resources */,
				F4FE8802178010FA00CB3DA8 /* tag_photo.jpg in Resources */,
			);
			runOnlyForDeploymentPostprocessing = 0;
		};
/* End PBXResourcesBuildPhase section */

/* Begin PBXSourcesBuildPhase section */
		F4EECF0A177C99F400778578 /* Sources */ = {
			isa = PBXSourcesBuildPhase;
			buildActionMask = 2147483647;
			files = (
				15AD00371AB9E6AB00B8B1D1 /* ProductListViewController.m in Sources */,
				15AD00051AB9C33400B8B1D1 /* TrendCollectionViewCell.m in Sources */,
				1A3F0F301AB4B00D00F85C01 /* SWRevealViewController.m in Sources */,
				F4EECF1E177C99F400778578 /* main.m in Sources */,
				F4EECF22177C99F400778578 /* AppDelegate.m in Sources */,
				F4EECF2E177C99F400778578 /* MainViewController.m in Sources */,
				F4EECF4A177DF87700778578 /* SidebarViewController.m in Sources */,
				15AD00191AB9CEFB00B8B1D1 /* ProductCollectionViewCell.m in Sources */,
				15AD00281AB9E16D00B8B1D1 /* ProductListCollectionView.m in Sources */,
				15AD00321AB9E20A00B8B1D1 /* ProductListCollectionViewCell.m in Sources */,
				15AD00221AB9D9FD00B8B1D1 /* NIDropDown.m in Sources */,
				15AD001E1AB9D0C000B8B1D1 /* ProductCollectionView.m in Sources */,
				F4EECF6E177FD51400778578 /* MapViewController.m in Sources */,
				15AD000F1AB9C57600B8B1D1 /* TrendCollectionView.m in Sources */,
				F4EECF75177FF90600778578 /* PhotoViewController.m in Sources */,
			);
			runOnlyForDeploymentPostprocessing = 0;
		};
/* End PBXSourcesBuildPhase section */

/* Begin PBXVariantGroup section */
		F4EECF1A177C99F400778578 /* InfoPlist.strings */ = {
			isa = PBXVariantGroup;
			children = (
				F4EECF1B177C99F400778578 /* en */,
			);
			name = InfoPlist.strings;
			sourceTree = "<group>";
		};
		F4EECF29177C99F400778578 /* MainStoryboard.storyboard */ = {
			isa = PBXVariantGroup;
			children = (
				F4EECF2A177C99F400778578 /* en */,
			);
			name = MainStoryboard.storyboard;
			sourceTree = "<group>";
		};
/* End PBXVariantGroup section */

/* Begin XCBuildConfiguration section */
		F4EECF2F177C99F400778578 /* Debug */ = {
			isa = XCBuildConfiguration;
			buildSettings = {
				ALWAYS_SEARCH_USER_PATHS = NO;
				CLANG_CXX_LANGUAGE_STANDARD = "gnu++0x";
				CLANG_CXX_LIBRARY = "libc++";
				CLANG_ENABLE_OBJC_ARC = YES;
				CLANG_WARN_CONSTANT_CONVERSION = YES;
				CLANG_WARN_EMPTY_BODY = YES;
				CLANG_WARN_ENUM_CONVERSION = YES;
				CLANG_WARN_INT_CONVERSION = YES;
				CLANG_WARN__DUPLICATE_METHOD_MATCH = YES;
				"CODE_SIGN_IDENTITY[sdk=iphoneos*]" = "iPhone Developer";
				COPY_PHASE_STRIP = NO;
				GCC_C_LANGUAGE_STANDARD = gnu99;
				GCC_DYNAMIC_NO_PIC = NO;
				GCC_OPTIMIZATION_LEVEL = 0;
				GCC_PREPROCESSOR_DEFINITIONS = (
					"DEBUG=1",
					"$(inherited)",
				);
				GCC_SYMBOLS_PRIVATE_EXTERN = NO;
				GCC_WARN_ABOUT_RETURN_TYPE = YES;
				GCC_WARN_UNINITIALIZED_AUTOS = YES;
				GCC_WARN_UNUSED_VARIABLE = YES;
				IPHONEOS_DEPLOYMENT_TARGET = 7.0;
				ONLY_ACTIVE_ARCH = YES;
				SDKROOT = iphoneos;
			};
			name = Debug;
		};
		F4EECF30177C99F400778578 /* Release */ = {
			isa = XCBuildConfiguration;
			buildSettings = {
				ALWAYS_SEARCH_USER_PATHS = NO;
				CLANG_CXX_LANGUAGE_STANDARD = "gnu++0x";
				CLANG_CXX_LIBRARY = "libc++";
				CLANG_ENABLE_OBJC_ARC = YES;
				CLANG_WARN_CONSTANT_CONVERSION = YES;
				CLANG_WARN_EMPTY_BODY = YES;
				CLANG_WARN_ENUM_CONVERSION = YES;
				CLANG_WARN_INT_CONVERSION = YES;
				CLANG_WARN__DUPLICATE_METHOD_MATCH = YES;
				"CODE_SIGN_IDENTITY[sdk=iphoneos*]" = "iPhone Developer";
				COPY_PHASE_STRIP = YES;
				GCC_C_LANGUAGE_STANDARD = gnu99;
				GCC_WARN_ABOUT_RETURN_TYPE = YES;
				GCC_WARN_UNINITIALIZED_AUTOS = YES;
				GCC_WARN_UNUSED_VARIABLE = YES;
				IPHONEOS_DEPLOYMENT_TARGET = 7.0;
				OTHER_CFLAGS = "-DNS_BLOCK_ASSERTIONS=1";
				SDKROOT = iphoneos;
				VALIDATE_PRODUCT = YES;
			};
			name = Release;
		};
		F4EECF32177C99F400778578 /* Debug */ = {
			isa = XCBuildConfiguration;
			buildSettings = {
				GCC_PRECOMPILE_PREFIX_HEADER = YES;
				GCC_PREFIX_HEADER = "SidebarDemo/MaiaMall-Prefix.pch";
				INFOPLIST_FILE = "SidebarDemo/MaiaMall-Info.plist";
				IPHONEOS_DEPLOYMENT_TARGET = 7.0;
				PRODUCT_NAME = MaiaMall;
				WRAPPER_EXTENSION = app;
			};
			name = Debug;
		};
		F4EECF33177C99F400778578 /* Release */ = {
			isa = XCBuildConfiguration;
			buildSettings = {
				GCC_PRECOMPILE_PREFIX_HEADER = YES;
				GCC_PREFIX_HEADER = "SidebarDemo/MaiaMall-Prefix.pch";
				INFOPLIST_FILE = "SidebarDemo/MaiaMall-Info.plist";
				IPHONEOS_DEPLOYMENT_TARGET = 7.0;
				PRODUCT_NAME = MaiaMall;
				WRAPPER_EXTENSION = app;
			};
			name = Release;
		};
/* End XCBuildConfiguration section */

/* Begin XCConfigurationList section */
		F4EECF09177C99F400778578 /* Build configuration list for PBXProject "MaiaMall" */ = {
			isa = XCConfigurationList;
			buildConfigurations = (
				F4EECF2F177C99F400778578 /* Debug */,
				F4EECF30177C99F400778578 /* Release */,
			);
			defaultConfigurationIsVisible = 0;
			defaultConfigurationName = Release;
		};
		F4EECF31177C99F400778578 /* Build configuration list for PBXNativeTarget "MaiaMall" */ = {
			isa = XCConfigurationList;
			buildConfigurations = (
				F4EECF32177C99F400778578 /* Debug */,
				F4EECF33177C99F400778578 /* Release */,
			);
			defaultConfigurationIsVisible = 0;
			defaultConfigurationName = Release;
		};
/* End XCConfigurationList section */
	};
	rootObject = F4EECF06177C99F400778578 /* Project object */;
}
